#MicroXplorer Configuration settings - do not modify
CAD.formats=
CAD.pinconfig=
CAD.provider=
Dma.LPUART1_TX.0.Direction=DMA_MEMORY_TO_PERIPH
Dma.LPUART1_TX.0.EventEnable=DISABLE
Dma.LPUART1_TX.0.Instance=DMA1_Channel1
Dma.LPUART1_TX.0.MemDataAlignment=DMA_MDATAALIGN_BYTE
Dma.LPUART1_TX.0.MemInc=DMA_MINC_ENABLE
Dma.LPUART1_TX.0.Mode=DMA_NORMAL
Dma.LPUART1_TX.0.PeriphDataAlignment=DMA_PDATAALIGN_BYTE
Dma.LPUART1_TX.0.PeriphInc=DMA_PINC_DISABLE
Dma.LPUART1_TX.0.Polarity=HAL_DMAMUX_REQ_GEN_RISING
Dma.LPUART1_TX.0.Priority=DMA_PRIORITY_LOW
Dma.LPUART1_TX.0.RequestNumber=1
Dma.LPUART1_TX.0.RequestParameters=Instance,Direction,PeriphInc,MemInc,PeriphDataAlignment,MemDataAlignment,Mode,Priority,SignalID,Polarity,RequestNumber,SyncSignalID,SyncPolarity,SyncEnable,EventEnable,SyncRequestNumber
Dma.LPUART1_TX.0.SignalID=NONE
Dma.LPUART1_TX.0.SyncEnable=DISABLE
Dma.LPUART1_TX.0.SyncPolarity=HAL_DMAMUX_SYNC_NO_EVENT
Dma.LPUART1_TX.0.SyncRequestNumber=1
Dma.LPUART1_TX.0.SyncSignalID=NONE
Dma.Request0=LPUART1_TX
Dma.RequestsNb=1
File.Version=6
GPIO.groupedBy=Group By Peripherals
KeepUserPlacement=false
LPUART1.BaudRate=9600
LPUART1.IPParameters=Mode,BaudRate
LPUART1.Mode=UART_MODE_TX
MMTAppReg1.MEMORYMAP.AppRegionName=RAM
MMTAppReg1.MEMORYMAP.ContextName=Cortex-M4NS
MMTAppReg1.MEMORYMAP.CoreName=ARM Cortex-M4
MMTAppReg1.MEMORYMAP.DefaultDataRegion=true
MMTAppReg1.MEMORYMAP.IPParameters=StartAddress,Size,CoreName,DefaultDataRegion,ContextName,Name
MMTAppReg1.MEMORYMAP.Name=RAM
MMTAppReg1.MEMORYMAP.Size=64512
MMTAppReg1.MEMORYMAP.StartAddress=0x20000008
MMTAppReg2.MEMORYMAP.AppRegionName=FLASH
MMTAppReg2.MEMORYMAP.ContextName=Cortex-M4NS
MMTAppReg2.MEMORYMAP.CoreName=ARM Cortex-M4
MMTAppReg2.MEMORYMAP.DefaultCodeRegion=true
MMTAppReg2.MEMORYMAP.DefaultDataRegion=false
MMTAppReg2.MEMORYMAP.IPParameters=StartAddress,Size,CoreName,DefaultDataRegion,MemType,ContextName,Name,DefaultCodeRegion
MMTAppReg2.MEMORYMAP.MemType=ROM
MMTAppReg2.MEMORYMAP.Name=FLASH
MMTAppReg2.MEMORYMAP.Size=262144
MMTAppReg2.MEMORYMAP.StartAddress=0x08000000
MMTAppReg3.MEMORYMAP.AppRegionName=RAM_SHARED
MMTAppReg3.MEMORYMAP.ContextName=Cortex-M4NS
MMTAppReg3.MEMORYMAP.CoreName=ARM Cortex-M4
MMTAppReg3.MEMORYMAP.DefaultDataRegion=true
MMTAppReg3.MEMORYMAP.IPParameters=StartAddress,Size,CoreName,DefaultDataRegion,ContextName,Name
MMTAppReg3.MEMORYMAP.Name=RAM_SHARED
MMTAppReg3.MEMORYMAP.Size=9216
MMTAppReg3.MEMORYMAP.StartAddress=0x20030000
MMTAppReg4.MEMORYMAP.AppRegionName=RAM_SHARED Reserved Alias Region
MMTAppReg4.MEMORYMAP.CoreName=ARM Cortex-M4
MMTAppReg4.MEMORYMAP.DefaultDataRegion=false
MMTAppReg4.MEMORYMAP.IPParameters=StartAddress,Size,CoreName,DefaultDataRegion,ReservedRegion,Name
MMTAppReg4.MEMORYMAP.Name=RAM_SHARED Reserved Alias Region
MMTAppReg4.MEMORYMAP.ReservedRegion=true
MMTAppReg4.MEMORYMAP.Size=9216
MMTAppReg4.MEMORYMAP.StartAddress=0x10000000
MMTAppRegionsCount=4
MMTConfigApplied=false
Mcu.CPN=STM32WB55CCU6
Mcu.Family=STM32WB
Mcu.IP0=DMA
Mcu.IP1=HSEM
Mcu.IP10=STM32_WPAN
Mcu.IP11=SYS
Mcu.IP12=TINY_LPM
Mcu.IP2=IPCC
Mcu.IP3=LPUART1
Mcu.IP4=MEMORYMAP
Mcu.IP5=NVIC
Mcu.IP6=RCC
Mcu.IP7=RF
Mcu.IP8=RTC
Mcu.IP9=SEQUENCER
Mcu.IPNb=13
Mcu.Name=STM32WB55CCUx
Mcu.Package=UFQFPN48
Mcu.Pin0=PC14-OSC32_IN
Mcu.Pin1=PC15-OSC32_OUT
Mcu.Pin10=PB1
Mcu.Pin11=PB5
Mcu.Pin12=VP_HSEM_VS_HSEM
Mcu.Pin13=VP_IPCC_VS_IPCC
Mcu.Pin14=VP_RTC_VS_RTC_Activate
Mcu.Pin15=VP_RTC_VS_RTC_WakeUp_intern
Mcu.Pin16=VP_SEQUENCER_VS_SEQUENCER
Mcu.Pin17=VP_STM32_WPAN_VS_BLE_HOST
Mcu.Pin18=VP_SYS_VS_Systick
Mcu.Pin19=VP_TINY_LPM_VS_TINY_LPM
Mcu.Pin2=PA2
Mcu.Pin20=VP_MEMORYMAP_VS_MEMORYMAP
Mcu.Pin3=PA4
Mcu.Pin4=PA5
Mcu.Pin5=PA6
Mcu.Pin6=RF1
Mcu.Pin7=OSC_OUT
Mcu.Pin8=OSC_IN
Mcu.Pin9=PB0
Mcu.PinsNb=21
Mcu.ThirdPartyNb=0
Mcu.UserConstants=
Mcu.UserName=STM32WB55CCUx
MxCube.Version=6.10.0
MxDb.Version=DB.6.0.100
NVIC.BusFault_IRQn=true\:0\:0\:false\:false\:true\:false\:false\:false
NVIC.DMA1_Channel1_IRQn=true\:15\:0\:true\:false\:true\:false\:true\:true
NVIC.DebugMonitor_IRQn=true\:0\:0\:false\:false\:true\:false\:false\:false
NVIC.EXTI4_IRQn=true\:0\:0\:false\:false\:true\:true\:true\:true
NVIC.ForceEnableDMAVector=true
NVIC.HSEM_IRQn=true\:0\:0\:false\:false\:true\:false\:true\:true
NVIC.HardFault_IRQn=true\:0\:0\:false\:false\:true\:false\:false\:false
NVIC.IPCC_C1_RX_IRQn=true\:0\:0\:false\:false\:true\:true\:true\:true
NVIC.IPCC_C1_TX_IRQn=true\:0\:0\:false\:false\:true\:true\:true\:true
NVIC.LPUART1_IRQn=true\:0\:0\:false\:false\:true\:true\:true\:true
NVIC.MemoryManagement_IRQn=true\:0\:0\:false\:false\:true\:false\:false\:false
NVIC.NonMaskableInt_IRQn=true\:0\:0\:false\:false\:true\:false\:false\:false
NVIC.PendSV_IRQn=true\:0\:0\:false\:false\:true\:false\:false\:false
NVIC.PriorityGroup=NVIC_PRIORITYGROUP_4
NVIC.RTC_WKUP_IRQn=true\:0\:0\:false\:false\:true\:true\:true\:true
NVIC.SVCall_IRQn=true\:0\:0\:false\:false\:true\:false\:false\:false
NVIC.SysTick_IRQn=true\:15\:0\:false\:false\:true\:false\:true\:false
NVIC.UsageFault_IRQn=true\:0\:0\:false\:false\:true\:false\:false\:false
OSC_IN.Mode=HSE-External-Oscillator
OSC_IN.Signal=RCC_OSC_IN
OSC_OUT.Mode=HSE-External-Oscillator
OSC_OUT.Signal=RCC_OSC_OUT
PA2.Mode=Half_duplex(single_wire_mode)
PA2.Signal=LPUART1_TX
PA4.GPIOParameters=GPIO_PuPd,GPIO_Label
PA4.GPIO_Label=SW1_User
PA4.GPIO_PuPd=GPIO_PULLUP
PA4.Locked=true
PA4.Signal=GPXTI4
PA5.GPIOParameters=GPIO_Label
PA5.GPIO_Label=SW2
PA5.Locked=true
PA5.Signal=GPXTI5
PA6.GPIOParameters=GPIO_Label
PA6.GPIO_Label=SW3
PA6.Locked=true
PA6.Signal=GPXTI6
PB0.GPIOParameters=GPIO_Label
PB0.GPIO_Label=Green_Led
PB0.Locked=true
PB0.Signal=GPIO_Output
PB1.GPIOParameters=GPIO_Label
PB1.GPIO_Label=Red_Led
PB1.Locked=true
PB1.Signal=GPIO_Output
PB5.GPIOParameters=GPIO_Label
PB5.GPIO_Label=Blue_Led
PB5.Locked=true
PB5.Signal=GPIO_Output
PC14-OSC32_IN.Mode=LSE-External-Oscillator
PC14-OSC32_IN.Signal=RCC_OSC32_IN
PC15-OSC32_OUT.Mode=LSE-External-Oscillator
PC15-OSC32_OUT.Signal=RCC_OSC32_OUT
PCC.Ble.ConnectionInterval=1000.0
PCC.Ble.DataLength=6
PCC.Ble.IsUsed=false
PCC.Ble.Mode=NOT_SELECTED
PCC.Ble.PowerLevel=Min
PCC.Zigbee.IsUsed=false
PCC.Zigbee.Mode=Sleepy End Device
PCC.Zigbee.Payload=15
PCC.Zigbee.PoolPeriodicity=480.0
PCC.Zigbee.PowerLevel=Min
PCC.Zigbee.RequestPeriodicity=1500.0
PinOutPanel.RotationAngle=0
ProjectManager.AskForMigrate=true
ProjectManager.BackupPrevious=false
ProjectManager.CompilerOptimize=6
ProjectManager.ComputerToolchain=false
ProjectManager.CoupleFile=false
ProjectManager.CustomerFirmwarePackage=
ProjectManager.DefaultFWLocation=true
ProjectManager.DeletePrevious=true
ProjectManager.DeviceId=STM32WB55CCUx
ProjectManager.FirmwarePackage=STM32Cube FW_WB V1.18.0
ProjectManager.FreePins=false
ProjectManager.HalAssertFull=false
ProjectManager.HeapSize=0x400
ProjectManager.KeepUserCode=true
ProjectManager.LastFirmware=true
ProjectManager.LibraryCopy=1
ProjectManager.MainLocation=Core/Src
ProjectManager.NoMain=false
ProjectManager.PreviousToolchain=
ProjectManager.ProjectBuild=false
ProjectManager.ProjectFileName=stm32-wb55-ble-sample.ioc
ProjectManager.ProjectName=stm32-wb55-ble-sample
ProjectManager.ProjectStructure=
ProjectManager.RegisterCallBack=
ProjectManager.StackSize=0x1000
ProjectManager.TargetToolchain=STM32CubeIDE
ProjectManager.ToolChainLocation=
ProjectManager.UAScriptAfterPath=
ProjectManager.UAScriptBeforePath=
ProjectManager.UnderRoot=true
ProjectManager.functionlistsort=1-SystemClock_Config-RCC-false-HAL-false,2-MX_GPIO_Init-GPIO-false-HAL-true,3-MX_DMA_Init-DMA-false-HAL-true,4-MX_RTC_Init-RTC-false-HAL-true,5-APPE_Init-STM32_WPAN-false-HAL-false,6-MX_LPUART1_UART_Init-LPUART1-true-HAL-false,7-MX_IPCC_Init-IPCC-false-HAL-true,0-MX_RF_Init-RF-false-HAL-true,0-MX_HSEM_Init-HSEM-false-HAL-true
RCC.AHBFreq_Value=32000000
RCC.APB1Freq_Value=32000000
RCC.APB1TimFreq_Value=32000000
RCC.APB2Freq_Value=32000000
RCC.APB2TimFreq_Value=32000000
RCC.APB3Freq_Value=16000000
RCC.Cortex2Freq_Value=32000000
RCC.CortexFreq_Value=32000000
RCC.FCLK2Freq_Value=32000000
RCC.FCLKCortexFreq_Value=32000000
RCC.FamilyName=M
RCC.HCLK2Freq_Value=32000000
RCC.HCLK3Freq_Value=32000000
RCC.HCLKFreq_Value=32000000
RCC.HCLKRFFreq_Value=16000000
RCC.HSE_VALUE=32000000
RCC.HSI48_VALUE=48000000
RCC.HSI_VALUE=16000000
RCC.I2C1Freq_Value=32000000
RCC.I2C3Freq_Value=32000000
RCC.IPParameters=AHBFreq_Value,APB1Freq_Value,APB1TimFreq_Value,APB2Freq_Value,APB2TimFreq_Value,APB3Freq_Value,Cortex2Freq_Value,CortexFreq_Value,FCLK2Freq_Value,FCLKCortexFreq_Value,FamilyName,HCLK2Freq_Value,HCLK3Freq_Value,HCLKFreq_Value,HCLKRFFreq_Value,HSE_VALUE,HSI48_VALUE,HSI_VALUE,I2C1Freq_Value,I2C3Freq_Value,LCDFreq_Value,LPTIM1Freq_Value,LPTIM2Freq_Value,LPUART1Freq_Value,LSCOPinFreq_Value,LSI_VALUE,MCO1PinFreq_Value,PLLPoutputFreq_Value,PLLQoutputFreq_Value,PLLRCLKFreq_Value,PLLSAI1PoutputFreq_Value,PLLSAI1QoutputFreq_Value,PLLSAI1RoutputFreq_Value,PWRFreq_Value,RFWKPClockSelection,RFWKPFreq_Value,RNGFreq_Value,RTCClockSelection,RTCFreq_Value,SAI1Freq_Value,SMPS1Freq_Value,SMPSCLockSelectionVirtual,SMPSDivider,SMPSFreq_Value,SYSCLKFreq_VALUE,SYSCLKSource,USART1Freq_Value,VCOInputFreq_Value,VCOOutputFreq_Value,VCOSAI1OutputFreq_Value
RCC.LCDFreq_Value=32768
RCC.LPTIM1Freq_Value=32000000
RCC.LPTIM2Freq_Value=32000000
RCC.LPUART1Freq_Value=32000000
RCC.LSCOPinFreq_Value=32000
RCC.LSI_VALUE=32000
RCC.MCO1PinFreq_Value=32000000
RCC.PLLPoutputFreq_Value=16000000
RCC.PLLQoutputFreq_Value=16000000
RCC.PLLRCLKFreq_Value=16000000
RCC.PLLSAI1PoutputFreq_Value=16000000
RCC.PLLSAI1QoutputFreq_Value=16000000
RCC.PLLSAI1RoutputFreq_Value=16000000
RCC.PWRFreq_Value=32000000
RCC.RFWKPClockSelection=RCC_RFWKPCLKSOURCE_LSE
RCC.RFWKPFreq_Value=32768
RCC.RNGFreq_Value=32000
RCC.RTCClockSelection=RCC_RTCCLKSOURCE_LSE
RCC.RTCFreq_Value=32768
RCC.SAI1Freq_Value=16000000
RCC.SMPS1Freq_Value=8000000
RCC.SMPSCLockSelectionVirtual=RCC_SMPSCLKSOURCE_HSE
RCC.SMPSDivider=4
RCC.SMPSFreq_Value=4000000
RCC.SYSCLKFreq_VALUE=32000000
RCC.SYSCLKSource=RCC_SYSCLKSOURCE_HSE
RCC.USART1Freq_Value=32000000
RCC.VCOInputFreq_Value=4000000
RCC.VCOOutputFreq_Value=32000000
RCC.VCOSAI1OutputFreq_Value=32000000
RF1.Mode=RF1_Activate
RF1.Signal=RF_RF1
SH.GPXTI4.0=GPIO_EXTI4
SH.GPXTI4.ConfNb=1
SH.GPXTI5.0=GPIO_EXTI5
SH.GPXTI5.ConfNb=1
SH.GPXTI6.0=GPIO_EXTI6
SH.GPXTI6.ConfNb=1
STM32_WPAN.AD_SERVICE_CLASS_UUID_1=18 0D
STM32_WPAN.AD_SERVICE_CLASS_UUID_1_INV=[0D, 18]
STM32_WPAN.AD_TYPE_COMPLETE_LOCAL_NAME=S-IOT
STM32_WPAN.AD_TYPE_COMPLETE_LOCAL_NAME_LENGTH=6
STM32_WPAN.BLE_DBG_APP_EN=1
STM32_WPAN.CFG_DEBUG_APP_TRACE=1
STM32_WPAN.CFG_DEBUG_BLE_TRACE=1
STM32_WPAN.CFG_DEBUG_TRACE_FULL=1
STM32_WPAN.CFG_DEBUG_TRACE_UART=hw_lpuart1
STM32_WPAN.CFG_GAP_DEVICE_NAME=SAMPLE-IOT
STM32_WPAN.CFG_GAP_DEVICE_NAME_LENGTH=10
STM32_WPAN.CFG_HW_LPUART1_ENABLED=1
STM32_WPAN.CUSTOM_P2P_SERVER=Disabled
STM32_WPAN.CUSTOM_TEMPLATE=Enabled
STM32_WPAN.INCLUDE_AD_TYPE_16_BIT_SERV_UUID_CMPLT_LIST=1
STM32_WPAN.INCLUDE_AD_TYPE_COMPLETE_LOCAL_NAME=1
STM32_WPAN.INCLUDE_AD_TYPE_MANUFACTURER_SPECIFIC_DATA=1
STM32_WPAN.INCLUDE_AD_TYPE_TX_POWER_LEVEL=1
STM32_WPAN.IPParameters=CUSTOM_P2P_SERVER,CUSTOM_TEMPLATE,CFG_GAP_DEVICE_NAME,CFG_GAP_DEVICE_NAME_LENGTH,INCLUDE_AD_TYPE_TX_POWER_LEVEL,INCLUDE_AD_TYPE_COMPLETE_LOCAL_NAME,AD_TYPE_COMPLETE_LOCAL_NAME,AD_TYPE_COMPLETE_LOCAL_NAME_LENGTH,INCLUDE_AD_TYPE_16_BIT_SERV_UUID_CMPLT_LIST,AD_SERVICE_CLASS_UUID_1,AD_SERVICE_CLASS_UUID_1_INV,INCLUDE_AD_TYPE_MANUFACTURER_SPECIFIC_DATA,NUMBER_OF_SERVICES,SERVICE1_LONG_NAME,SERVICE1_SHORT_NAME,SERVICE2_LONG_NAME,SERVICE2_SHORT_NAME,SERVICE1_NUMBER_OF_CHARACTERISTICS,SERVICE1_UUID,SERVICE2_NUMBER_OF_CHARACTERISTICS,SERVICE2_UUID,SERVICE2_UUID_TYPE,SERVICE1_CHAR1_LONG_NAME,SERVICE1_CHAR1_SHORT_NAME,SERVICE1_CHAR1_UUID,SERVICE1_CHAR1_VALUE_LENGTH,SERVICE1_CHAR1_LENGTH_CHARACTERISTIC,SERVICE1_CHAR1_PROP_READ,SERVICE1_CHAR1_PROP_WRITE_WITHOUT_RESP,SERVICE1_CHAR1_GATT_NOTIFY_WRITE_REQ_AND_WAIT_FOR_APPL_RESP,SERVICE1_CHAR1_GATT_NOTIFY_READ_REQ_AND_WAIT_FOR_APPL_RESP,SERVICE1_CHAR2_LONG_NAME,SERVICE1_CHAR2_SHORT_NAME,SERVICE1_CHAR2_UUID,SERVICE1_CHAR2_VALUE_LENGTH,SERVICE1_CHAR2_LENGTH_CHARACTERISTIC,SERVICE1_CHAR2_PROP_NOTIFY,SERVICE1_CHAR2_GATT_NOTIFY_WRITE_REQ_AND_WAIT_FOR_APPL_RESP,SERVICE1_CHAR2_GATT_NOTIFY_READ_REQ_AND_WAIT_FOR_APPL_RESP,SERVICE2_CHAR1_LONG_NAME,SERVICE2_CHAR1_SHORT_NAME,SERVICE2_CHAR1_UUID_TYPE,SERVICE2_CHAR1_UUID,SERVICE2_CHAR1_VALUE_LENGTH,SERVICE2_CHAR1_LENGTH_CHARACTERISTIC,SERVICE2_CHAR1_PROP_NOTIFY,SERVICE2_CHAR1_GATT_NOTIFY_READ_REQ_AND_WAIT_FOR_APPL_RESP,SERVICE2_CHAR1_GATT_NOTIFY_WRITE_REQ_AND_WAIT_FOR_APPL_RESP,SERVICE2_CHAR1_GATT_NOTIFY_ATTRIBUTE_WRITE,SERVICE2_CHAR2_LONG_NAME,SERVICE2_CHAR2_SHORT_NAME,SERVICE2_CHAR2_UUID_TYPE,SERVICE2_CHAR2_UUID,SERVICE2_CHAR2_PROP_READ,SERVICE2_CHAR2_GATT_NOTIFY_ATTRIBUTE_WRITE,SERVICE2_CHAR2_GATT_NOTIFY_WRITE_REQ_AND_WAIT_FOR_APPL_RESP,SERVICE2_CHAR2_GATT_NOTIFY_READ_REQ_AND_WAIT_FOR_APPL_RESP,SERVICE2_CHAR3_LONG_NAME,SERVICE2_CHAR3_SHORT_NAME,SERVICE2_CHAR3_UUID_TYPE,SERVICE2_CHAR3_UUID,SERVICE2_CHAR3_PROP_WRITE,SERVICE2_CHAR3_GATT_NOTIFY_ATTRIBUTE_WRITE,SERVICE2_CHAR3_GATT_NOTIFY_READ_REQ_AND_WAIT_FOR_APPL_RESP,PAIRING_PARAMETERS,CFG_HW_LPUART1_ENABLED,BLE_DBG_APP_EN,CFG_DEBUG_TRACE_UART,CFG_DEBUG_BLE_TRACE,CFG_DEBUG_TRACE_FULL,CFG_DEBUG_APP_TRACE
STM32_WPAN.NUMBER_OF_SERVICES=2
STM32_WPAN.PAIRING_PARAMETERS=ON
STM32_WPAN.SERVICE1_CHAR1_GATT_NOTIFY_READ_REQ_AND_WAIT_FOR_APPL_RESP=\ 
STM32_WPAN.SERVICE1_CHAR1_GATT_NOTIFY_WRITE_REQ_AND_WAIT_FOR_APPL_RESP=\ 
STM32_WPAN.SERVICE1_CHAR1_LENGTH_CHARACTERISTIC=CHAR_VALUE_LEN_VARIABLE
STM32_WPAN.SERVICE1_CHAR1_LONG_NAME=My_LED_Char
STM32_WPAN.SERVICE1_CHAR1_PROP_READ=CHAR_PROP_READ
STM32_WPAN.SERVICE1_CHAR1_PROP_WRITE_WITHOUT_RESP=CHAR_PROP_WRITE_WITHOUT_RESP
STM32_WPAN.SERVICE1_CHAR1_SHORT_NAME=LED_C
STM32_WPAN.SERVICE1_CHAR1_UUID=FE 41
STM32_WPAN.SERVICE1_CHAR1_VALUE_LENGTH=2
STM32_WPAN.SERVICE1_CHAR2_GATT_NOTIFY_READ_REQ_AND_WAIT_FOR_APPL_RESP=\ 
STM32_WPAN.SERVICE1_CHAR2_GATT_NOTIFY_WRITE_REQ_AND_WAIT_FOR_APPL_RESP=\ 
STM32_WPAN.SERVICE1_CHAR2_LENGTH_CHARACTERISTIC=CHAR_VALUE_LEN_VARIABLE
STM32_WPAN.SERVICE1_CHAR2_LONG_NAME=My_Switch_Char
STM32_WPAN.SERVICE1_CHAR2_PROP_NOTIFY=CHAR_PROP_NOTIFY
STM32_WPAN.SERVICE1_CHAR2_SHORT_NAME=SWITCH_C
STM32_WPAN.SERVICE1_CHAR2_UUID=FE 42
STM32_WPAN.SERVICE1_CHAR2_VALUE_LENGTH=2
STM32_WPAN.SERVICE1_LONG_NAME=My_P2P_Server
STM32_WPAN.SERVICE1_NUMBER_OF_CHARACTERISTICS=2
STM32_WPAN.SERVICE1_SHORT_NAME=My_P2PS
STM32_WPAN.SERVICE1_UUID=FE 40
STM32_WPAN.SERVICE2_CHAR1_GATT_NOTIFY_ATTRIBUTE_WRITE=\ 
STM32_WPAN.SERVICE2_CHAR1_GATT_NOTIFY_READ_REQ_AND_WAIT_FOR_APPL_RESP=\ 
STM32_WPAN.SERVICE2_CHAR1_GATT_NOTIFY_WRITE_REQ_AND_WAIT_FOR_APPL_RESP=\ 
STM32_WPAN.SERVICE2_CHAR1_LENGTH_CHARACTERISTIC=CHAR_VALUE_LEN_VARIABLE
STM32_WPAN.SERVICE2_CHAR1_LONG_NAME=My_HRS_Meas
STM32_WPAN.SERVICE2_CHAR1_PROP_NOTIFY=CHAR_PROP_NOTIFY
STM32_WPAN.SERVICE2_CHAR1_SHORT_NAME=HRS_M
STM32_WPAN.SERVICE2_CHAR1_UUID=2A 37
STM32_WPAN.SERVICE2_CHAR1_UUID_TYPE=0x01
STM32_WPAN.SERVICE2_CHAR1_VALUE_LENGTH=5
STM32_WPAN.SERVICE2_CHAR2_GATT_NOTIFY_ATTRIBUTE_WRITE=\ 
STM32_WPAN.SERVICE2_CHAR2_GATT_NOTIFY_READ_REQ_AND_WAIT_FOR_APPL_RESP=\ 
STM32_WPAN.SERVICE2_CHAR2_GATT_NOTIFY_WRITE_REQ_AND_WAIT_FOR_APPL_RESP=\ 
STM32_WPAN.SERVICE2_CHAR2_LONG_NAME=My_Sensor_Loc
STM32_WPAN.SERVICE2_CHAR2_PROP_READ=CHAR_PROP_READ
STM32_WPAN.SERVICE2_CHAR2_SHORT_NAME=HRS_SL
STM32_WPAN.SERVICE2_CHAR2_UUID=2A 38
STM32_WPAN.SERVICE2_CHAR2_UUID_TYPE=0x01
STM32_WPAN.SERVICE2_CHAR3_GATT_NOTIFY_ATTRIBUTE_WRITE=\ 
STM32_WPAN.SERVICE2_CHAR3_GATT_NOTIFY_READ_REQ_AND_WAIT_FOR_APPL_RESP=\ 
STM32_WPAN.SERVICE2_CHAR3_LONG_NAME=My_HRS_CTRL_Point
STM32_WPAN.SERVICE2_CHAR3_PROP_WRITE=CHAR_PROP_WRITE
STM32_WPAN.SERVICE2_CHAR3_SHORT_NAME=HRS_CTRL
STM32_WPAN.SERVICE2_CHAR3_UUID=2A 39
STM32_WPAN.SERVICE2_CHAR3_UUID_TYPE=0x01
STM32_WPAN.SERVICE2_LONG_NAME=My_Heart_Rate
STM32_WPAN.SERVICE2_NUMBER_OF_CHARACTERISTICS=3
STM32_WPAN.SERVICE2_SHORT_NAME=My_HRS
STM32_WPAN.SERVICE2_UUID=18 0D
STM32_WPAN.SERVICE2_UUID_TYPE=0x01
VP_HSEM_VS_HSEM.Mode=HSEM_Activate
VP_HSEM_VS_HSEM.Signal=HSEM_VS_HSEM
VP_IPCC_VS_IPCC.Mode=IPCC_Activate
VP_IPCC_VS_IPCC.Signal=IPCC_VS_IPCC
VP_MEMORYMAP_VS_MEMORYMAP.Mode=CurAppReg
VP_MEMORYMAP_VS_MEMORYMAP.Signal=MEMORYMAP_VS_MEMORYMAP
VP_RTC_VS_RTC_Activate.Mode=RTC_Enabled
VP_RTC_VS_RTC_Activate.Signal=RTC_VS_RTC_Activate
VP_RTC_VS_RTC_WakeUp_intern.Mode=WakeUp
VP_RTC_VS_RTC_WakeUp_intern.Signal=RTC_VS_RTC_WakeUp_intern
VP_SEQUENCER_VS_SEQUENCER.Mode=SEQUENCER_Enabled
VP_SEQUENCER_VS_SEQUENCER.Signal=SEQUENCER_VS_SEQUENCER
VP_STM32_WPAN_VS_BLE_HOST.Mode=STM32_WPAN_Enabled
VP_STM32_WPAN_VS_BLE_HOST.Signal=STM32_WPAN_VS_BLE_HOST
VP_SYS_VS_Systick.Mode=SysTick
VP_SYS_VS_Systick.Signal=SYS_VS_Systick
VP_TINY_LPM_VS_TINY_LPM.Mode=TINY_LPM_Enabled
VP_TINY_LPM_VS_TINY_LPM.Signal=TINY_LPM_VS_TINY_LPM
board=custom
isbadioc=false
